
Microsoft Visual Studio Solution File, Format Version 12.00
# Visual Studio Version 16
VisualStudioVersion = 16.0.31129.286
MinimumVisualStudioVersion = 10.0.40219.1
Project("{9A19103F-16F7-4668-BE54-9A1E7A4F7556}") = "amcombootcamp-aws-lambda-trigger", "amcombootcamp-aws-lambda-trigger\amcombootcamp-aws-lambda-trigger.csproj", "{08A5382B-AAFC-4D32-A530-95398B31B279}"
EndProject
Global
	GlobalSection(SolutionConfigurationPlatforms) = preSolution
		Debug|Any CPU = Debug|Any CPU
		Release|Any CPU = Release|Any CPU
	EndGlobalSection
	GlobalSection(ProjectConfigurationPlatforms) = postSolution
		{08A5382B-AAFC-4D32-A530-95398B31B279}.Debug|Any CPU.ActiveCfg = Debug|Any CPU
		{08A5382B-AAFC-4D32-A530-95398B31B279}.Debug|Any CPU.Build.0 = Debug|Any CPU
		{08A5382B-AAFC-4D32-A530-95398B31B279}.Release|Any CPU.ActiveCfg = Release|Any CPU
		{08A5382B-AAFC-4D32-A530-95398B31B279}.Release|Any CPU.Build.0 = Release|Any CPU
	EndGlobalSection
	GlobalSection(SolutionProperties) = preSolution
		HideSolutionNode = FALSE
	EndGlobalSection
	GlobalSection(ExtensibilityGlobals) = postSolution
		SolutionGuid = {1E87A00A-E6F1-42F6-8069-F0D019364AB7}
	EndGlobalSection
EndGlobal
